{
  "name": "rn-urip-tools",
  "version": "1.0.0",
  "lockfileVersion": 1,
  "requires": true,
  "dependencies": {
    "react-native-size-matters": {
      "version": "0.4.0",
      "resolved": "https://registry.npmjs.org/react-native-size-matters/-/react-native-size-matters-0.4.0.tgz",
      "integrity": "sha512-8/C0htHrFWeUm9N8JegmadovUfgTWkGBkDPZ1N3YkXtDWb+98Ya2gThiKcu445r8c7YhcrBfnHz/mYsXIusaOQ=="
    }
  }
}
